// !$*UTF8*$!
{
	archiveVersion = 1;
	classes = {
	};
	objectVersion = 48;
	objects = {

/* Begin PBXBuildFile section */
		86ED5A4B0B53339EA21F3986 /* Pods_FirebaseTry2UITests.framework in Frameworks */ = {isa = PBXBuildFile; fileRef = 3412BC4D5A475DAA07D49A89 /* Pods_FirebaseTry2UITests.framework */; };
		B8230CADFC34A3B7C9A9ABB6 /* Pods_FirebaseTry2.framework in Frameworks */ = {isa = PBXBuildFile; fileRef = 94D170887CE1CB62C39BA985 /* Pods_FirebaseTry2.framework */; };
		D409B7D5BFBA32EBA804A17E /* Pods_FirebaseTry2Tests.framework in Frameworks */ = {isa = PBXBuildFile; fileRef = 71E1953081550ED67A76BB8A /* Pods_FirebaseTry2Tests.framework */; };
		F54455221FE3F8C9007047B9 /* AppDelegate.swift in Sources */ = {isa = PBXBuildFile; fileRef = F54455211FE3F8C9007047B9 /* AppDelegate.swift */; };
		F54455241FE3F8C9007047B9 /* ViewController.swift in Sources */ = {isa = PBXBuildFile; fileRef = F54455231FE3F8C9007047B9 /* ViewController.swift */; };
		F54455271FE3F8C9007047B9 /* Main.storyboard in Resources */ = {isa = PBXBuildFile; fileRef = F54455251FE3F8C9007047B9 /* Main.storyboard */; };
		F54455291FE3F8C9007047B9 /* Assets.xcassets in Resources */ = {isa = PBXBuildFile; fileRef = F54455281FE3F8C9007047B9 /* Assets.xcassets */; };
		F544552C1FE3F8C9007047B9 /* LaunchScreen.storyboard in Resources */ = {isa = PBXBuildFile; fileRef = F544552A1FE3F8C9007047B9 /* LaunchScreen.storyboard */; };
		F54455371FE3F8C9007047B9 /* FirebaseTry2Tests.swift in Sources */ = {isa = PBXBuildFile; fileRef = F54455361FE3F8C9007047B9 /* FirebaseTry2Tests.swift */; };
		F54455421FE3F8C9007047B9 /* FirebaseTry2UITests.swift in Sources */ = {isa = PBXBuildFile; fileRef = F54455411FE3F8C9007047B9 /* FirebaseTry2UITests.swift */; };
		F54455501FE3F929007047B9 /* GoogleService-Info.plist in Resources */ = {isa = PBXBuildFile; fileRef = F544554F1FE3F929007047B9 /* GoogleService-Info.plist */; };
		F54455521FE40385007047B9 /* ProfileViewController.swift in Sources */ = {isa = PBXBuildFile; fileRef = F54455511FE40385007047B9 /* ProfileViewController.swift */; };
/* End PBXBuildFile section */

/* Begin PBXContainerItemProxy section */
		F54455331FE3F8C9007047B9 /* PBXContainerItemProxy */ = {
			isa = PBXContainerItemProxy;
			containerPortal = F54455161FE3F8C9007047B9 /* Project object */;
			proxyType = 1;
			remoteGlobalIDString = F544551D1FE3F8C9007047B9;
			remoteInfo = FirebaseTry2;
		};
		F544553E1FE3F8C9007047B9 /* PBXContainerItemProxy */ = {
			isa = PBXContainerItemProxy;
			containerPortal = F54455161FE3F8C9007047B9 /* Project object */;
			proxyType = 1;
			remoteGlobalIDString = F544551D1FE3F8C9007047B9;
			remoteInfo = FirebaseTry2;
		};
/* End PBXContainerItemProxy section */

/* Begin PBXFileReference section */
		3412BC4D5A475DAA07D49A89 /* Pods_FirebaseTry2UITests.framework */ = {isa = PBXFileReference; explicitFileType = wrapper.framework; includeInIndex = 0; path = Pods_FirebaseTry2UITests.framework; sourceTree = BUILT_PRODUCTS_DIR; };
		42F6B6C550D18B8E417462A1 /* Pods-FirebaseTry2UITests.release.xcconfig */ = {isa = PBXFileReference; includeInIndex = 1; lastKnownFileType = text.xcconfig; name = "Pods-FirebaseTry2UITests.release.xcconfig"; path = "Pods/Target Support Files/Pods-FirebaseTry2UITests/Pods-FirebaseTry2UITests.release.xcconfig"; sourceTree = "<group>"; };
		47C17C33226201B73BE1609A /* Pods-FirebaseTry2Tests.release.xcconfig */ = {isa = PBXFileReference; includeInIndex = 1; lastKnownFileType = text.xcconfig; name = "Pods-FirebaseTry2Tests.release.xcconfig"; path = "Pods/Target Support Files/Pods-FirebaseTry2Tests/Pods-FirebaseTry2Tests.release.xcconfig"; sourceTree = "<group>"; };
		50091D30B0BFAC19AD9D0C2D /* Pods-FirebaseTry2.release.xcconfig */ = {isa = PBXFileReference; includeInIndex = 1; lastKnownFileType = text.xcconfig; name = "Pods-FirebaseTry2.release.xcconfig"; path = "Pods/Target Support Files/Pods-FirebaseTry2/Pods-FirebaseTry2.release.xcconfig"; sourceTree = "<group>"; };
		71E1953081550ED67A76BB8A /* Pods_FirebaseTry2Tests.framework */ = {isa = PBXFileReference; explicitFileType = wrapper.framework; includeInIndex = 0; path = Pods_FirebaseTry2Tests.framework; sourceTree = BUILT_PRODUCTS_DIR; };
		94D170887CE1CB62C39BA985 /* Pods_FirebaseTry2.framework */ = {isa = PBXFileReference; explicitFileType = wrapper.framework; includeInIndex = 0; path = Pods_FirebaseTry2.framework; sourceTree = BUILT_PRODUCTS_DIR; };
		AB5D25C9C27573450EBA6C95 /* Pods-FirebaseTry2UITests.debug.xcconfig */ = {isa = PBXFileReference; includeInIndex = 1; lastKnownFileType = text.xcconfig; name = "Pods-FirebaseTry2UITests.debug.xcconfig"; path = "Pods/Target Support Files/Pods-FirebaseTry2UITests/Pods-FirebaseTry2UITests.debug.xcconfig"; sourceTree = "<group>"; };
		B7C8AC1D50B0797CE0B75B0A /* Pods-FirebaseTry2.debug.xcconfig */ = {isa = PBXFileReference; includeInIndex = 1; lastKnownFileType = text.xcconfig; name = "Pods-FirebaseTry2.debug.xcconfig"; path = "Pods/Target Support Files/Pods-FirebaseTry2/Pods-FirebaseTry2.debug.xcconfig"; sourceTree = "<group>"; };
		DC7D4107818047515A1A923F /* Pods-FirebaseTry2Tests.debug.xcconfig */ = {isa = PBXFileReference; includeInIndex = 1; lastKnownFileType = text.xcconfig; name = "Pods-FirebaseTry2Tests.debug.xcconfig"; path = "Pods/Target Support Files/Pods-FirebaseTry2Tests/Pods-FirebaseTry2Tests.debug.xcconfig"; sourceTree = "<group>"; };
		F544551E1FE3F8C9007047B9 /* FirebaseTry2.app */ = {isa = PBXFileReference; explicitFileType = wrapper.application; includeInIndex = 0; path = FirebaseTry2.app; sourceTree = BUILT_PRODUCTS_DIR; };
		F54455211FE3F8C9007047B9 /* AppDelegate.swift */ = {isa = PBXFileReference; lastKnownFileType = sourcecode.swift; path = AppDelegate.swift; sourceTree = "<group>"; };
		F54455231FE3F8C9007047B9 /* ViewController.swift */ = {isa = PBXFileReference; lastKnownFileType = sourcecode.swift; path = ViewController.swift; sourceTree = "<group>"; };
		F54455261FE3F8C9007047B9 /* Base */ = {isa = PBXFileReference; lastKnownFileType = file.storyboard; name = Base; path = Base.lproj/Main.storyboard; sourceTree = "<group>"; };
		F54455281FE3F8C9007047B9 /* Assets.xcassets */ = {isa = PBXFileReference; lastKnownFileType = folder.assetcatalog; path = Assets.xcassets; sourceTree = "<group>"; };
		F544552B1FE3F8C9007047B9 /* Base */ = {isa = PBXFileReference; lastKnownFileType = file.storyboard; name = Base; path = Base.lproj/LaunchScreen.storyboard; sourceTree = "<group>"; };
		F544552D1FE3F8C9007047B9 /* Info.plist */ = {isa = PBXFileReference; lastKnownFileType = text.plist.xml; path = Info.plist; sourceTree = "<group>"; };
		F54455321FE3F8C9007047B9 /* FirebaseTry2Tests.xctest */ = {isa = PBXFileReference; explicitFileType = wrapper.cfbundle; includeInIndex = 0; path = FirebaseTry2Tests.xctest; sourceTree = BUILT_PRODUCTS_DIR; };
		F54455361FE3F8C9007047B9 /* FirebaseTry2Tests.swift */ = {isa = PBXFileReference; lastKnownFileType = sourcecode.swift; path = FirebaseTry2Tests.swift; sourceTree = "<group>"; };
		F54455381FE3F8C9007047B9 /* Info.plist */ = {isa = PBXFileReference; lastKnownFileType = text.plist.xml; path = Info.plist; sourceTree = "<group>"; };
		F544553D1FE3F8C9007047B9 /* FirebaseTry2UITests.xctest */ = {isa = PBXFileReference; explicitFileType = wrapper.cfbundle; includeInIndex = 0; path = FirebaseTry2UITests.xctest; sourceTree = BUILT_PRODUCTS_DIR; };
		F54455411FE3F8C9007047B9 /* FirebaseTry2UITests.swift */ = {isa = PBXFileReference; lastKnownFileType = sourcecode.swift; path = FirebaseTry2UITests.swift; sourceTree = "<group>"; };
		F54455431FE3F8C9007047B9 /* Info.plist */ = {isa = PBXFileReference; lastKnownFileType = text.plist.xml; path = Info.plist; sourceTree = "<group>"; };
		F544554F1FE3F929007047B9 /* GoogleService-Info.plist */ = {isa = PBXFileReference; fileEncoding = 4; lastKnownFileType = text.plist.xml; path = "GoogleService-Info.plist"; sourceTree = SOURCE_ROOT; };
		F54455511FE40385007047B9 /* ProfileViewController.swift */ = {isa = PBXFileReference; lastKnownFileType = sourcecode.swift; path = ProfileViewController.swift; sourceTree = "<group>"; };
/* End PBXFileReference section */

/* Begin PBXFrameworksBuildPhase section */
		F544551B1FE3F8C9007047B9 /* Frameworks */ = {
			isa = PBXFrameworksBuildPhase;
			buildActionMask = 2147483647;
			files = (
				B8230CADFC34A3B7C9A9ABB6 /* Pods_FirebaseTry2.framework in Frameworks */,
			);
			runOnlyForDeploymentPostprocessing = 0;
		};
		F544552F1FE3F8C9007047B9 /* Frameworks */ = {
			isa = PBXFrameworksBuildPhase;
			buildActionMask = 2147483647;
			files = (
				D409B7D5BFBA32EBA804A17E /* Pods_FirebaseTry2Tests.framework in Frameworks */,
			);
			runOnlyForDeploymentPostprocessing = 0;
		};
		F544553A1FE3F8C9007047B9 /* Frameworks */ = {
			isa = PBXFrameworksBuildPhase;
			buildActionMask = 2147483647;
			files = (
				86ED5A4B0B53339EA21F3986 /* Pods_FirebaseTry2UITests.framework in Frameworks */,
			);
			runOnlyForDeploymentPostprocessing = 0;
		};
/* End PBXFrameworksBuildPhase section */

/* Begin PBXGroup section */
		AFEE03C542005FCABC7360BF /* Pods */ = {
			isa = PBXGroup;
			children = (
				B7C8AC1D50B0797CE0B75B0A /* Pods-FirebaseTry2.debug.xcconfig */,
				50091D30B0BFAC19AD9D0C2D /* Pods-FirebaseTry2.release.xcconfig */,
				DC7D4107818047515A1A923F /* Pods-FirebaseTry2Tests.debug.xcconfig */,
				47C17C33226201B73BE1609A /* Pods-FirebaseTry2Tests.release.xcconfig */,
				AB5D25C9C27573450EBA6C95 /* Pods-FirebaseTry2UITests.debug.xcconfig */,
				42F6B6C550D18B8E417462A1 /* Pods-FirebaseTry2UITests.release.xcconfig */,
			);
			name = Pods;
			sourceTree = "<group>";
		};
		D89102D194E52BFBF5E48B98 /* Frameworks */ = {
			isa = PBXGroup;
			children = (
				94D170887CE1CB62C39BA985 /* Pods_FirebaseTry2.framework */,
				71E1953081550ED67A76BB8A /* Pods_FirebaseTry2Tests.framework */,
				3412BC4D5A475DAA07D49A89 /* Pods_FirebaseTry2UITests.framework */,
			);
			name = Frameworks;
			sourceTree = "<group>";
		};
		F54455151FE3F8C9007047B9 = {
			isa = PBXGroup;
			children = (
				F54455201FE3F8C9007047B9 /* FirebaseTry2 */,
				F54455351FE3F8C9007047B9 /* FirebaseTry2Tests */,
				F54455401FE3F8C9007047B9 /* FirebaseTry2UITests */,
				F544551F1FE3F8C9007047B9 /* Products */,
				AFEE03C542005FCABC7360BF /* Pods */,
				D89102D194E52BFBF5E48B98 /* Frameworks */,
			);
			sourceTree = "<group>";
		};
		F544551F1FE3F8C9007047B9 /* Products */ = {
			isa = PBXGroup;
			children = (
				F544551E1FE3F8C9007047B9 /* FirebaseTry2.app */,
				F54455321FE3F8C9007047B9 /* FirebaseTry2Tests.xctest */,
				F544553D1FE3F8C9007047B9 /* FirebaseTry2UITests.xctest */,
			);
			name = Products;
			sourceTree = "<group>";
		};
		F54455201FE3F8C9007047B9 /* FirebaseTry2 */ = {
			isa = PBXGroup;
			children = (
				F54455211FE3F8C9007047B9 /* AppDelegate.swift */,
				F54455231FE3F8C9007047B9 /* ViewController.swift */,
				F54455511FE40385007047B9 /* ProfileViewController.swift */,
				F54455251FE3F8C9007047B9 /* Main.storyboard */,
				F54455281FE3F8C9007047B9 /* Assets.xcassets */,
				F544552A1FE3F8C9007047B9 /* LaunchScreen.storyboard */,
				F544552D1FE3F8C9007047B9 /* Info.plist */,
				F544554F1FE3F929007047B9 /* GoogleService-Info.plist */,
			);
			path = FirebaseTry2;
			sourceTree = "<group>";
		};
		F54455351FE3F8C9007047B9 /* FirebaseTry2Tests */ = {
			isa = PBXGroup;
			children = (
				F54455361FE3F8C9007047B9 /* FirebaseTry2Tests.swift */,
				F54455381FE3F8C9007047B9 /* Info.plist */,
			);
			path = FirebaseTry2Tests;
			sourceTree = "<group>";
		};
		F54455401FE3F8C9007047B9 /* FirebaseTry2UITests */ = {
			isa = PBXGroup;
			children = (
				F54455411FE3F8C9007047B9 /* FirebaseTry2UITests.swift */,
				F54455431FE3F8C9007047B9 /* Info.plist */,
			);
			path = FirebaseTry2UITests;
			sourceTree = "<group>";
		};
/* End PBXGroup section */

/* Begin PBXNativeTarget section */
		F544551D1FE3F8C9007047B9 /* FirebaseTry2 */ = {
			isa = PBXNativeTarget;
			buildConfigurationList = F54455461FE3F8C9007047B9 /* Build configuration list for PBXNativeTarget "FirebaseTry2" */;
			buildPhases = (
				C39DE9324DD30DFEB31A571E /* [CP] Check Pods Manifest.lock */,
				F544551A1FE3F8C9007047B9 /* Sources */,
				F544551B1FE3F8C9007047B9 /* Frameworks */,
				F544551C1FE3F8C9007047B9 /* Resources */,
				ACBA1E30CF911F16C261B995 /* [CP] Embed Pods Frameworks */,
				8BEB8E64362BBD9A1B70880B /* [CP] Copy Pods Resources */,
			);
			buildRules = (
			);
			dependencies = (
			);
			name = FirebaseTry2;
			productName = FirebaseTry2;
			productReference = F544551E1FE3F8C9007047B9 /* FirebaseTry2.app */;
			productType = "com.apple.product-type.application";
		};
		F54455311FE3F8C9007047B9 /* FirebaseTry2Tests */ = {
			isa = PBXNativeTarget;
			buildConfigurationList = F54455491FE3F8C9007047B9 /* Build configuration list for PBXNativeTarget "FirebaseTry2Tests" */;
			buildPhases = (
				72B9E89E8723F3C085333E42 /* [CP] Check Pods Manifest.lock */,
				F544552E1FE3F8C9007047B9 /* Sources */,
				F544552F1FE3F8C9007047B9 /* Frameworks */,
				F54455301FE3F8C9007047B9 /* Resources */,
				A158FD44225241E55749D348 /* [CP] Embed Pods Frameworks */,
				048CE253C41EF6894AF42E55 /* [CP] Copy Pods Resources */,
			);
			buildRules = (
			);
			dependencies = (
				F54455341FE3F8C9007047B9 /* PBXTargetDependency */,
			);
			name = FirebaseTry2Tests;
			productName = FirebaseTry2Tests;
			productReference = F54455321FE3F8C9007047B9 /* FirebaseTry2Tests.xctest */;
			productType = "com.apple.product-type.bundle.unit-test";
		};
		F544553C1FE3F8C9007047B9 /* FirebaseTry2UITests */ = {
			isa = PBXNativeTarget;
			buildConfigurationList = F544554C1FE3F8C9007047B9 /* Build configuration list for PBXNativeTarget "FirebaseTry2UITests" */;
			buildPhases = (
				41125BA87A69DC453ABFE1EC /* [CP] Check Pods Manifest.lock */,
				F54455391FE3F8C9007047B9 /* Sources */,
				F544553A1FE3F8C9007047B9 /* Frameworks */,
				F544553B1FE3F8C9007047B9 /* Resources */,
				4A3DF36773460BEA9A8D3415 /* [CP] Embed Pods Frameworks */,
				C0D244D591358E70E4B53CE8 /* [CP] Copy Pods Resources */,
			);
			buildRules = (
			);
			dependencies = (
				F544553F1FE3F8C9007047B9 /* PBXTargetDependency */,
			);
			name = FirebaseTry2UITests;
			productName = FirebaseTry2UITests;
			productReference = F544553D1FE3F8C9007047B9 /* FirebaseTry2UITests.xctest */;
			productType = "com.apple.product-type.bundle.ui-testing";
		};
/* End PBXNativeTarget section */

/* Begin PBXProject section */
		F54455161FE3F8C9007047B9 /* Project object */ = {
			isa = PBXProject;
			attributes = {
				LastSwiftUpdateCheck = 0920;
				LastUpgradeCheck = 0920;
				ORGANIZATIONNAME = Fhict;
				TargetAttributes = {
					F544551D1FE3F8C9007047B9 = {
						CreatedOnToolsVersion = 9.2;
						ProvisioningStyle = Automatic;
					};
					F54455311FE3F8C9007047B9 = {
						CreatedOnToolsVersion = 9.2;
						ProvisioningStyle = Automatic;
						TestTargetID = F544551D1FE3F8C9007047B9;
					};
					F544553C1FE3F8C9007047B9 = {
						CreatedOnToolsVersion = 9.2;
						ProvisioningStyle = Automatic;
						TestTargetID = F544551D1FE3F8C9007047B9;
					};
				};
			};
			buildConfigurationList = F54455191FE3F8C9007047B9 /* Build configuration list for PBXProject "FirebaseTry2" */;
			compatibilityVersion = "Xcode 8.0";
			developmentRegion = en;
			hasScannedForEncodings = 0;
			knownRegions = (
				en,
				Base,
			);
			mainGroup = F54455151FE3F8C9007047B9;
			productRefGroup = F544551F1FE3F8C9007047B9 /* Products */;
			projectDirPath = "";
			projectRoot = "";
			targets = (
				F544551D1FE3F8C9007047B9 /* FirebaseTry2 */,
				F54455311FE3F8C9007047B9 /* FirebaseTry2Tests */,
				F544553C1FE3F8C9007047B9 /* FirebaseTry2UITests */,
			);
		};
/* End PBXProject section */

/* Begin PBXResourcesBuildPhase section */
		F544551C1FE3F8C9007047B9 /* Resources */ = {
			isa = PBXResourcesBuildPhase;
			buildActionMask = 2147483647;
			files = (
				F544552C1FE3F8C9007047B9 /* LaunchScreen.storyboard in Resources */,
				F54455501FE3F929007047B9 /* GoogleService-Info.plist in Resources */,
				F54455291FE3F8C9007047B9 /* Assets.xcassets in Resources */,
				F54455271FE3F8C9007047B9 /* Main.storyboard in Resources */,
			);
			runOnlyForDeploymentPostprocessing = 0;
		};
		F54455301FE3F8C9007047B9 /* Resources */ = {
			isa = PBXResourcesBuildPhase;
			buildActionMask = 2147483647;
			files = (
			);
			runOnlyForDeploymentPostprocessing = 0;
		};
		F544553B1FE3F8C9007047B9 /* Resources */ = {
			isa = PBXResourcesBuildPhase;
			buildActionMask = 2147483647;
			files = (
			);
			runOnlyForDeploymentPostprocessing = 0;
		};
/* End PBXResourcesBuildPhase section */

/* Begin PBXShellScriptBuildPhase section */
		048CE253C41EF6894AF42E55 /* [CP] Copy Pods Resources */ = {
			isa = PBXShellScriptBuildPhase;
			buildActionMask = 2147483647;
			files = (
			);
			inputPaths = (
			);
			name = "[CP] Copy Pods Resources";
			outputPaths = (
			);
			runOnlyForDeploymentPostprocessing = 0;
			shellPath = /bin/sh;
			shellScript = "\"${SRCROOT}/Pods/Target Support Files/Pods-FirebaseTry2Tests/Pods-FirebaseTry2Tests-resources.sh\"\n";
			showEnvVarsInLog = 0;
		};
		41125BA87A69DC453ABFE1EC /* [CP] Check Pods Manifest.lock */ = {
			isa = PBXShellScriptBuildPhase;
			buildActionMask = 2147483647;
			files = (
			);
			inputPaths = (
				"${PODS_PODFILE_DIR_PATH}/Podfile.lock",
				"${PODS_ROOT}/Manifest.lock",
			);
			name = "[CP] Check Pods Manifest.lock";
			outputPaths = (
				"$(DERIVED_FILE_DIR)/Pods-FirebaseTry2UITests-checkManifestLockResult.txt",
			);
			runOnlyForDeploymentPostprocessing = 0;
			shellPath = /bin/sh;
			shellScript = "diff \"${PODS_PODFILE_DIR_PATH}/Podfile.lock\" \"${PODS_ROOT}/Manifest.lock\" > /dev/null\nif [ $? != 0 ] ; then\n    # print error to STDERR\n    echo \"error: The sandbox is not in sync with the Podfile.lock. Run 'pod install' or update your CocoaPods installation.\" >&2\n    exit 1\nfi\n# This output is used by Xcode 'outputs' to avoid re-running this script phase.\necho \"SUCCESS\" > \"${SCRIPT_OUTPUT_FILE_0}\"\n";
			showEnvVarsInLog = 0;
		};
		4A3DF36773460BEA9A8D3415 /* [CP] Embed Pods Frameworks */ = {
			isa = PBXShellScriptBuildPhase;
			buildActionMask = 2147483647;
			files = (
			);
			inputPaths = (
			);
			name = "[CP] Embed Pods Frameworks";
			outputPaths = (
			);
			runOnlyForDeploymentPostprocessing = 0;
			shellPath = /bin/sh;
			shellScript = "\"${SRCROOT}/Pods/Target Support Files/Pods-FirebaseTry2UITests/Pods-FirebaseTry2UITests-frameworks.sh\"\n";
			showEnvVarsInLog = 0;
		};
		72B9E89E8723F3C085333E42 /* [CP] Check Pods Manifest.lock */ = {
			isa = PBXShellScriptBuildPhase;
			buildActionMask = 2147483647;
			files = (
			);
			inputPaths = (
				"${PODS_PODFILE_DIR_PATH}/Podfile.lock",
				"${PODS_ROOT}/Manifest.lock",
			);
			name = "[CP] Check Pods Manifest.lock";
			outputPaths = (
				"$(DERIVED_FILE_DIR)/Pods-FirebaseTry2Tests-checkManifestLockResult.txt",
			);
			runOnlyForDeploymentPostprocessing = 0;
			shellPath = /bin/sh;
			shellScript = "diff \"${PODS_PODFILE_DIR_PATH}/Podfile.lock\" \"${PODS_ROOT}/Manifest.lock\" > /dev/null\nif [ $? != 0 ] ; then\n    # print error to STDERR\n    echo \"error: The sandbox is not in sync with the Podfile.lock. Run 'pod install' or update your CocoaPods installation.\" >&2\n    exit 1\nfi\n# This output is used by Xcode 'outputs' to avoid re-running this script phase.\necho \"SUCCESS\" > \"${SCRIPT_OUTPUT_FILE_0}\"\n";
			showEnvVarsInLog = 0;
		};
		8BEB8E64362BBD9A1B70880B /* [CP] Copy Pods Resources */ = {
			isa = PBXShellScriptBuildPhase;
			buildActionMask = 2147483647;
			files = (
			);
			inputPaths = (
			);
			name = "[CP] Copy Pods Resources";
			outputPaths = (
			);
			runOnlyForDeploymentPostprocessing = 0;
			shellPath = /bin/sh;
			shellScript = "\"${SRCROOT}/Pods/Target Support Files/Pods-FirebaseTry2/Pods-FirebaseTry2-resources.sh\"\n";
			showEnvVarsInLog = 0;
		};
		A158FD44225241E55749D348 /* [CP] Embed Pods Frameworks */ = {
			isa = PBXShellScriptBuildPhase;
			buildActionMask = 2147483647;
			files = (
			);
			inputPaths = (
			);
			name = "[CP] Embed Pods Frameworks";
			outputPaths = (
			);
			runOnlyForDeploymentPostprocessing = 0;
			shellPath = /bin/sh;
			shellScript = "\"${SRCROOT}/Pods/Target Support Files/Pods-FirebaseTry2Tests/Pods-FirebaseTry2Tests-frameworks.sh\"\n";
			showEnvVarsInLog = 0;
		};
		ACBA1E30CF911F16C261B995 /* [CP] Embed Pods Frameworks */ = {
			isa = PBXShellScriptBuildPhase;
			buildActionMask = 2147483647;
			files = (
			);
			inputPaths = (
				"${SRCROOT}/Pods/Target Support Files/Pods-FirebaseTry2/Pods-FirebaseTry2-frameworks.sh",
				"${BUILT_PRODUCTS_DIR}/GTMSessionFetcher/GTMSessionFetcher.framework",
				"${BUILT_PRODUCTS_DIR}/GoogleToolboxForMac/GoogleToolboxForMac.framework",
				"${BUILT_PRODUCTS_DIR}/leveldb-library/leveldb.framework",
				"${BUILT_PRODUCTS_DIR}/nanopb/nanopb.framework",
			);
			name = "[CP] Embed Pods Frameworks";
			outputPaths = (
				"${TARGET_BUILD_DIR}/${FRAMEWORKS_FOLDER_PATH}/GTMSessionFetcher.framework",
				"${TARGET_BUILD_DIR}/${FRAMEWORKS_FOLDER_PATH}/GoogleToolboxForMac.framework",
				"${TARGET_BUILD_DIR}/${FRAMEWORKS_FOLDER_PATH}/leveldb.framework",
				"${TARGET_BUILD_DIR}/${FRAMEWORKS_FOLDER_PATH}/nanopb.framework",
			);
			runOnlyForDeploymentPostprocessing = 0;
			shellPath = /bin/sh;
			shellScript = "\"${SRCROOT}/Pods/Target Support Files/Pods-FirebaseTry2/Pods-FirebaseTry2-frameworks.sh\"\n";
			showEnvVarsInLog = 0;
		};
		C0D244D591358E70E4B53CE8 /* [CP] Copy Pods Resources */ = {
			isa = PBXShellScriptBuildPhase;
			buildActionMask = 2147483647;
			files = (
			);
			inputPaths = (
			);
			name = "[CP] Copy Pods Resources";
			outputPaths = (
			);
			runOnlyForDeploymentPostprocessing = 0;
			shellPath = /bin/sh;
			shellScript = "\"${SRCROOT}/Pods/Target Support Files/Pods-FirebaseTry2UITests/Pods-FirebaseTry2UITests-resources.sh\"\n";
			showEnvVarsInLog = 0;
		};
		C39DE9324DD30DFEB31A571E /* [CP] Check Pods Manifest.lock */ = {
			isa = PBXShellScriptBuildPhase;
			buildActionMask = 2147483647;
			files = (
			);
			inputPaths = (
				"${PODS_PODFILE_DIR_PATH}/Podfile.lock",
				"${PODS_ROOT}/Manifest.lock",
			);
			name = "[CP] Check Pods Manifest.lock";
			outputPaths = (
				"$(DERIVED_FILE_DIR)/Pods-FirebaseTry2-checkManifestLockResult.txt",
			);
			runOnlyForDeploymentPostprocessing = 0;
			shellPath = /bin/sh;
			shellScript = "diff \"${PODS_PODFILE_DIR_PATH}/Podfile.lock\" \"${PODS_ROOT}/Manifest.lock\" > /dev/null\nif [ $? != 0 ] ; then\n    # print error to STDERR\n    echo \"error: The sandbox is not in sync with the Podfile.lock. Run 'pod install' or update your CocoaPods installation.\" >&2\n    exit 1\nfi\n# This output is used by Xcode 'outputs' to avoid re-running this script phase.\necho \"SUCCESS\" > \"${SCRIPT_OUTPUT_FILE_0}\"\n";
			showEnvVarsInLog = 0;
		};
/* End PBXShellScriptBuildPhase section */

/* Begin PBXSourcesBuildPhase section */
		F544551A1FE3F8C9007047B9 /* Sources */ = {
			isa = PBXSourcesBuildPhase;
			buildActionMask = 2147483647;
			files = (
				F54455521FE40385007047B9 /* ProfileViewController.swift in Sources */,
				F54455241FE3F8C9007047B9 /* ViewController.swift in Sources */,
				F54455221FE3F8C9007047B9 /* AppDelegate.swift in Sources */,
			);
			runOnlyForDeploymentPostprocessing = 0;
		};
		F544552E1FE3F8C9007047B9 /* Sources */ = {
			isa = PBXSourcesBuildPhase;
			buildActionMask = 2147483647;
			files = (
				F54455371FE3F8C9007047B9 /* FirebaseTry2Tests.swift in Sources */,
			);
			runOnlyForDeploymentPostprocessing = 0;
		};
		F54455391FE3F8C9007047B9 /* Sources */ = {
			isa = PBXSourcesBuildPhase;
			buildActionMask = 2147483647;
			files = (
				F54455421FE3F8C9007047B9 /* FirebaseTry2UITests.swift in Sources */,
			);
			runOnlyForDeploymentPostprocessing = 0;
		};
/* End PBXSourcesBuildPhase section */

/* Begin PBXTargetDependency section */
		F54455341FE3F8C9007047B9 /* PBXTargetDependency */ = {
			isa = PBXTargetDependency;
			target = F544551D1FE3F8C9007047B9 /* FirebaseTry2 */;
			targetProxy = F54455331FE3F8C9007047B9 /* PBXContainerItemProxy */;
		};
		F544553F1FE3F8C9007047B9 /* PBXTargetDependency */ = {
			isa = PBXTargetDependency;
			target = F544551D1FE3F8C9007047B9 /* FirebaseTry2 */;
			targetProxy = F544553E1FE3F8C9007047B9 /* PBXContainerItemProxy */;
		};
/* End PBXTargetDependency section */

/* Begin PBXVariantGroup section */
		F54455251FE3F8C9007047B9 /* Main.storyboard */ = {
			isa = PBXVariantGroup;
			children = (
				F54455261FE3F8C9007047B9 /* Base */,
			);
			name = Main.storyboard;
			sourceTree = "<group>";
		};
		F544552A1FE3F8C9007047B9 /* LaunchScreen.storyboard */ = {
			isa = PBXVariantGroup;
			children = (
				F544552B1FE3F8C9007047B9 /* Base */,
			);
			name = LaunchScreen.storyboard;
			sourceTree = "<group>";
		};
/* End PBXVariantGroup section */

/* Begin XCBuildConfiguration section */
		F54455441FE3F8C9007047B9 /* Debug */ = {
			isa = XCBuildConfiguration;
			buildSettings = {
				ALWAYS_SEARCH_USER_PATHS = NO;
				CLANG_ANALYZER_NONNULL = YES;
				CLANG_ANALYZER_NUMBER_OBJECT_CONVERSION = YES_AGGRESSIVE;
				CLANG_CXX_LANGUAGE_STANDARD = "gnu++14";
				CLANG_CXX_LIBRARY = "libc++";
				CLANG_ENABLE_MODULES = YES;
				CLANG_ENABLE_OBJC_ARC = YES;
				CLANG_WARN_BLOCK_CAPTURE_AUTORELEASING = YES;
				CLANG_WARN_BOOL_CONVERSION = YES;
				CLANG_WARN_COMMA = YES;
				CLANG_WARN_CONSTANT_CONVERSION = YES;
				CLANG_WARN_DIRECT_OBJC_ISA_USAGE = YES_ERROR;
				CLANG_WARN_DOCUMENTATION_COMMENTS = YES;
				CLANG_WARN_EMPTY_BODY = YES;
				CLANG_WARN_ENUM_CONVERSION = YES;
				CLANG_WARN_INFINITE_RECURSION = YES;
				CLANG_WARN_INT_CONVERSION = YES;
				CLANG_WARN_NON_LITERAL_NULL_CONVERSION = YES;
				CLANG_WARN_OBJC_LITERAL_CONVERSION = YES;
				CLANG_WARN_OBJC_ROOT_CLASS = YES_ERROR;
				CLANG_WARN_RANGE_LOOP_ANALYSIS = YES;
				CLANG_WARN_STRICT_PROTOTYPES = YES;
				CLANG_WARN_SUSPICIOUS_MOVE = YES;
				CLANG_WARN_UNGUARDED_AVAILABILITY = YES_AGGRESSIVE;
				CLANG_WARN_UNREACHABLE_CODE = YES;
				CLANG_WARN__DUPLICATE_METHOD_MATCH = YES;
				CODE_SIGN_IDENTITY = "iPhone Developer";
				COPY_PHASE_STRIP = NO;
				DEBUG_INFORMATION_FORMAT = dwarf;
				ENABLE_STRICT_OBJC_MSGSEND = YES;
				ENABLE_TESTABILITY = YES;
				GCC_C_LANGUAGE_STANDARD = gnu11;
				GCC_DYNAMIC_NO_PIC = NO;
				GCC_NO_COMMON_BLOCKS = YES;
				GCC_OPTIMIZATION_LEVEL = 0;
				GCC_PREPROCESSOR_DEFINITIONS = (
					"DEBUG=1",
					"$(inherited)",
				);
				GCC_WARN_64_TO_32_BIT_CONVERSION = YES;
				GCC_WARN_ABOUT_RETURN_TYPE = YES_ERROR;
				GCC_WARN_UNDECLARED_SELECTOR = YES;
				GCC_WARN_UNINITIALIZED_AUTOS = YES_AGGRESSIVE;
				GCC_WARN_UNUSED_FUNCTION = YES;
				GCC_WARN_UNUSED_VARIABLE = YES;
				IPHONEOS_DEPLOYMENT_TARGET = 11.2;
				MTL_ENABLE_DEBUG_INFO = YES;
				ONLY_ACTIVE_ARCH = YES;
				SDKROOT = iphoneos;
				SWIFT_ACTIVE_COMPILATION_CONDITIONS = DEBUG;
				SWIFT_OPTIMIZATION_LEVEL = "-Onone";
			};
			name = Debug;
		};
		F54455451FE3F8C9007047B9 /* Release */ = {
			isa = XCBuildConfiguration;
			buildSettings = {
				ALWAYS_SEARCH_USER_PATHS = NO;
				CLANG_ANALYZER_NONNULL = YES;
				CLANG_ANALYZER_NUMBER_OBJECT_CONVERSION = YES_AGGRESSIVE;
				CLANG_CXX_LANGUAGE_STANDARD = "gnu++14";
				CLANG_CXX_LIBRARY = "libc++";
				CLANG_ENABLE_MODULES = YES;
				CLANG_ENABLE_OBJC_ARC = YES;
				CLANG_WARN_BLOCK_CAPTURE_AUTORELEASING = YES;
				CLANG_WARN_BOOL_CONVERSION = YES;
				CLANG_WARN_COMMA = YES;
				CLANG_WARN_CONSTANT_CONVERSION = YES;
				CLANG_WARN_DIRECT_OBJC_ISA_USAGE = YES_ERROR;
				CLANG_WARN_DOCUMENTATION_COMMENTS = YES;
				CLANG_WARN_EMPTY_BODY = YES;
				CLANG_WARN_ENUM_CONVERSION = YES;
				CLANG_WARN_INFINITE_RECURSION = YES;
				CLANG_WARN_INT_CONVERSION = YES;
				CLANG_WARN_NON_LITERAL_NULL_CONVERSION = YES;
				CLANG_WARN_OBJC_LITERAL_CONVERSION = YES;
				CLANG_WARN_OBJC_ROOT_CLASS = YES_ERROR;
				CLANG_WARN_RANGE_LOOP_ANALYSIS = YES;
				CLANG_WARN_STRICT_PROTOTYPES = YES;
				CLANG_WARN_SUSPICIOUS_MOVE = YES;
				CLANG_WARN_UNGUARDED_AVAILABILITY = YES_AGGRESSIVE;
				CLANG_WARN_UNREACHABLE_CODE = YES;
				CLANG_WARN__DUPLICATE_METHOD_MATCH = YES;
				CODE_SIGN_IDENTITY = "iPhone Developer";
				COPY_PHASE_STRIP = NO;
				DEBUG_INFORMATION_FORMAT = "dwarf-with-dsym";
				ENABLE_NS_ASSERTIONS = NO;
				ENABLE_STRICT_OBJC_MSGSEND = YES;
				GCC_C_LANGUAGE_STANDARD = gnu11;
				GCC_NO_COMMON_BLOCKS = YES;
				GCC_WARN_64_TO_32_BIT_CONVERSION = YES;
				GCC_WARN_ABOUT_RETURN_TYPE = YES_ERROR;
				GCC_WARN_UNDECLARED_SELECTOR = YES;
				GCC_WARN_UNINITIALIZED_AUTOS = YES_AGGRESSIVE;
				GCC_WARN_UNUSED_FUNCTION = YES;
				GCC_WARN_UNUSED_VARIABLE = YES;
				IPHONEOS_DEPLOYMENT_TARGET = 11.2;
				MTL_ENABLE_DEBUG_INFO = NO;
				SDKROOT = iphoneos;
				SWIFT_OPTIMIZATION_LEVEL = "-Owholemodule";
				VALIDATE_PRODUCT = YES;
			};
			name = Release;
		};
		F54455471FE3F8C9007047B9 /* Debug */ = {
			isa = XCBuildConfiguration;
			baseConfigurationReference = B7C8AC1D50B0797CE0B75B0A /* Pods-FirebaseTry2.debug.xcconfig */;
			buildSettings = {
				ASSETCATALOG_COMPILER_APPICON_NAME = AppIcon;
				CODE_SIGN_STYLE = Automatic;
				DEVELOPMENT_TEAM = 5HEE5ZB642;
				INFOPLIST_FILE = FirebaseTry2/Info.plist;
				LD_RUNPATH_SEARCH_PATHS = "$(inherited) @executable_path/Frameworks";
				PRODUCT_BUNDLE_IDENTIFIER = com.Fhict.FirebaseTry2;
				PRODUCT_NAME = "$(TARGET_NAME)";
				SWIFT_VERSION = 4.0;
				TARGETED_DEVICE_FAMILY = "1,2";
			};
			name = Debug;
		};
		F54455481FE3F8C9007047B9 /* Release */ = {
			isa = XCBuildConfiguration;
			baseConfigurationReference = 50091D30B0BFAC19AD9D0C2D /* Pods-FirebaseTry2.release.xcconfig */;
			buildSettings = {
				ASSETCATALOG_COMPILER_APPICON_NAME = AppIcon;
				CODE_SIGN_STYLE = Automatic;
				DEVELOPMENT_TEAM = 5HEE5ZB642;
				INFOPLIST_FILE = FirebaseTry2/Info.plist;
				LD_RUNPATH_SEARCH_PATHS = "$(inherited) @executable_path/Frameworks";
				PRODUCT_BUNDLE_IDENTIFIER = com.Fhict.FirebaseTry2;
				PRODUCT_NAME = "$(TARGET_NAME)";
				SWIFT_VERSION = 4.0;
				TARGETED_DEVICE_FAMILY = "1,2";
			};
			name = Release;
		};
		F544554A1FE3F8C9007047B9 /* Debug */ = {
			isa = XCBuildConfiguration;
			baseConfigurationReference = DC7D4107818047515A1A923F /* Pods-FirebaseTry2Tests.debug.xcconfig */;
			buildSettings = {
				ALWAYS_EMBED_SWIFT_STANDARD_LIBRARIES = YES;
				BUNDLE_LOADER = "$(TEST_HOST)";
				CODE_SIGN_STYLE = Automatic;
				DEVELOPMENT_TEAM = 5HEE5ZB642;
				INFOPLIST_FILE = FirebaseTry2Tests/Info.plist;
				LD_RUNPATH_SEARCH_PATHS = "$(inherited) @executable_path/Frameworks @loader_path/Frameworks";
				PRODUCT_BUNDLE_IDENTIFIER = com.Fhict.FirebaseTry2Tests;
				PRODUCT_NAME = "$(TARGET_NAME)";
				SWIFT_VERSION = 4.0;
				TARGETED_DEVICE_FAMILY = "1,2";
				TEST_HOST = "$(BUILT_PRODUCTS_DIR)/FirebaseTry2.app/FirebaseTry2";
			};
			name = Debug;
		};
		F544554B1FE3F8C9007047B9 /* Release */ = {
			isa = XCBuildConfiguration;
			baseConfigurationReference = 47C17C33226201B73BE1609A /* Pods-FirebaseTry2Tests.release.xcconfig */;
			buildSettings = {
				ALWAYS_EMBED_SWIFT_STANDARD_LIBRARIES = YES;
				BUNDLE_LOADER = "$(TEST_HOST)";
				CODE_SIGN_STYLE = Automatic;
				DEVELOPMENT_TEAM = 5HEE5ZB642;
				INFOPLIST_FILE = FirebaseTry2Tests/Info.plist;
				LD_RUNPATH_SEARCH_PATHS = "$(inherited) @executable_path/Frameworks @loader_path/Frameworks";
				PRODUCT_BUNDLE_IDENTIFIER = com.Fhict.FirebaseTry2Tests;
				PRODUCT_NAME = "$(TARGET_NAME)";
				SWIFT_VERSION = 4.0;
				TARGETED_DEVICE_FAMILY = "1,2";
				TEST_HOST = "$(BUILT_PRODUCTS_DIR)/FirebaseTry2.app/FirebaseTry2";
			};
			name = Release;
		};
		F544554D1FE3F8C9007047B9 /* Debug */ = {
			isa = XCBuildConfiguration;
			baseConfigurationReference = AB5D25C9C27573450EBA6C95 /* Pods-FirebaseTry2UITests.debug.xcconfig */;
			buildSettings = {
				ALWAYS_EMBED_SWIFT_STANDARD_LIBRARIES = YES;
				CODE_SIGN_STYLE = Automatic;
				DEVELOPMENT_TEAM = 5HEE5ZB642;
				INFOPLIST_FILE = FirebaseTry2UITests/Info.plist;
				LD_RUNPATH_SEARCH_PATHS = "$(inherited) @executable_path/Frameworks @loader_path/Frameworks";
				PRODUCT_BUNDLE_IDENTIFIER = com.Fhict.FirebaseTry2UITests;
				PRODUCT_NAME = "$(TARGET_NAME)";
				SWIFT_VERSION = 4.0;
				TARGETED_DEVICE_FAMILY = "1,2";
				TEST_TARGET_NAME = FirebaseTry2;
			};
			name = Debug;
		};
		F544554E1FE3F8C9007047B9 /* Release */ = {
			isa = XCBuildConfiguration;
			baseConfigurationReference = 42F6B6C550D18B8E417462A1 /* Pods-FirebaseTry2UITests.release.xcconfig */;
			buildSettings = {
				ALWAYS_EMBED_SWIFT_STANDARD_LIBRARIES = YES;
				CODE_SIGN_STYLE = Automatic;
				DEVELOPMENT_TEAM = 5HEE5ZB642;
				INFOPLIST_FILE = FirebaseTry2UITests/Info.plist;
				LD_RUNPATH_SEARCH_PATHS = "$(inherited) @executable_path/Frameworks @loader_path/Frameworks";
				PRODUCT_BUNDLE_IDENTIFIER = com.Fhict.FirebaseTry2UITests;
				PRODUCT_NAME = "$(TARGET_NAME)";
				SWIFT_VERSION = 4.0;
				TARGETED_DEVICE_FAMILY = "1,2";
				TEST_TARGET_NAME = FirebaseTry2;
			};
			name = Release;
		};
/* End XCBuildConfiguration section */

/* Begin XCConfigurationList section */
		F54455191FE3F8C9007047B9 /* Build configuration list for PBXProject "FirebaseTry2" */ = {
			isa = XCConfigurationList;
			buildConfigurations = (
				F54455441FE3F8C9007047B9 /* Debug */,
				F54455451FE3F8C9007047B9 /* Release */,
			);
			defaultConfigurationIsVisible = 0;
			defaultConfigurationName = Release;
		};
		F54455461FE3F8C9007047B9 /* Build configuration list for PBXNativeTarget "FirebaseTry2" */ = {
			isa = XCConfigurationList;
			buildConfigurations = (
				F54455471FE3F8C9007047B9 /* Debug */,
				F54455481FE3F8C9007047B9 /* Release */,
			);
			defaultConfigurationIsVisible = 0;
			defaultConfigurationName = Release;
		};
		F54455491FE3F8C9007047B9 /* Build configuration list for PBXNativeTarget "FirebaseTry2Tests" */ = {
			isa = XCConfigurationList;
			buildConfigurations = (
				F544554A1FE3F8C9007047B9 /* Debug */,
				F544554B1FE3F8C9007047B9 /* Release */,
			);
			defaultConfigurationIsVisible = 0;
			defaultConfigurationName = Release;
		};
		F544554C1FE3F8C9007047B9 /* Build configuration list for PBXNativeTarget "FirebaseTry2UITests" */ = {
			isa = XCConfigurationList;
			buildConfigurations = (
				F544554D1FE3F8C9007047B9 /* Debug */,
				F544554E1FE3F8C9007047B9 /* Release */,
			);
			defaultConfigurationIsVisible = 0;
			defaultConfigurationName = Release;
		};
/* End XCConfigurationList section */
	};
	rootObject = F54455161FE3F8C9007047B9 /* Project object */;
}
